
Microsoft Visual Studio Solution File, Format Version 12.00
# Visual Studio 15
VisualStudioVersion = 15.0.28010.2046
MinimumVisualStudioVersion = 10.0.40219.1
Project("{FAE04EC0-301F-11D3-BF4B-00C04F79EFBC}") = "eCom_Authorize", "eCom_Authorize\eCom_Authorize.csproj", "{1E669D5E-93EE-438F-8848-2975DAC3273A}"
EndProject
Global
	GlobalSection(SolutionConfigurationPlatforms) = preSolution
		Debug|Any CPU = Debug|Any CPU
		Release|Any CPU = Release|Any CPU
	EndGlobalSection
	GlobalSection(ProjectConfigurationPlatforms) = postSolution
		{1E669D5E-93EE-438F-8848-2975DAC3273A}.Debug|Any CPU.ActiveCfg = Debug|Any CPU
		{1E669D5E-93EE-438F-8848-2975DAC3273A}.Debug|Any CPU.Build.0 = Debug|Any CPU
		{1E669D5E-93EE-438F-8848-2975DAC3273A}.Release|Any CPU.ActiveCfg = Release|Any CPU
		{1E669D5E-93EE-438F-8848-2975DAC3273A}.Release|Any CPU.Build.0 = Release|Any CPU
	EndGlobalSection
	GlobalSection(SolutionProperties) = preSolution
		HideSolutionNode = FALSE
	EndGlobalSection
	GlobalSection(ExtensibilityGlobals) = postSolution
		SolutionGuid = {7DE925C1-6A1D-4D3F-B769-2693FDBD6AC5}
	EndGlobalSection
EndGlobal
